
Microsoft Visual Studio Solution File, Format Version 12.00
# Visual Studio Version 17
VisualStudioVersion = 17.11.35312.102
MinimumVisualStudioVersion = 10.0.40219.1
Project("{FAE04EC0-301F-11D3-BF4B-00C04F79EFBC}") = "BrainStromAPIs", "BrainStromAPIs\BrainStromAPIs.csproj", "{8BC0D88B-E078-4369-85BF-8A5B441A55A3}"
EndProject
Global
	GlobalSection(SolutionConfigurationPlatforms) = preSolution
		Debug|Any CPU = Debug|Any CPU
		Release|Any CPU = Release|Any CPU
	EndGlobalSection
	GlobalSection(ProjectConfigurationPlatforms) = postSolution
		{8BC0D88B-E078-4369-85BF-8A5B441A55A3}.Debug|Any CPU.ActiveCfg = Debug|Any CPU
		{8BC0D88B-E078-4369-85BF-8A5B441A55A3}.Debug|Any CPU.Build.0 = Debug|Any CPU
		{8BC0D88B-E078-4369-85BF-8A5B441A55A3}.Release|Any CPU.ActiveCfg = Release|Any CPU
		{8BC0D88B-E078-4369-85BF-8A5B441A55A3}.Release|Any CPU.Build.0 = Release|Any CPU
	EndGlobalSection
	GlobalSection(SolutionProperties) = preSolution
		HideSolutionNode = FALSE
	EndGlobalSection
	GlobalSection(ExtensibilityGlobals) = postSolution
		SolutionGuid = {28BC4E9D-F705-4175-9C98-EC7D61F4A62B}
	EndGlobalSection
EndGlobal
